
Microsoft Visual Studio Solution File, Format Version 12.00
# Visual Studio 2012
Project("{FAE04EC0-301F-11D3-BF4B-00C04F79EFBC}") = "HexandTri", "HexandTri\HexandTri.csproj", "{F8CD5B3C-D0BC-4628-84F8-52ECFCA57E77}"
EndProject
Global
	GlobalSection(SolutionConfigurationPlatforms) = preSolution
		Debug|Any CPU = Debug|Any CPU
		Release|Any CPU = Release|Any CPU
	EndGlobalSection
	GlobalSection(ProjectConfigurationPlatforms) = postSolution
		{F8CD5B3C-D0BC-4628-84F8-52ECFCA57E77}.Debug|Any CPU.ActiveCfg = Debug|Any CPU
		{F8CD5B3C-D0BC-4628-84F8-52ECFCA57E77}.Debug|Any CPU.Build.0 = Debug|Any CPU
		{F8CD5B3C-D0BC-4628-84F8-52ECFCA57E77}.Release|Any CPU.ActiveCfg = Release|Any CPU
		{F8CD5B3C-D0BC-4628-84F8-52ECFCA57E77}.Release|Any CPU.Build.0 = Release|Any CPU
	EndGlobalSection
	GlobalSection(SolutionProperties) = preSolution
		HideSolutionNode = FALSE
	EndGlobalSection
EndGlobal
