
Microsoft Visual Studio Solution File, Format Version 12.00
# Visual Studio 2012
Project("{FAE04EC0-301F-11D3-BF4B-00C04F79EFBC}") = "zuobiaozhuanhuan", "zuobiaozhuanhuan\zuobiaozhuanhuan.csproj", "{C0961731-D0E1-4A7B-8F71-2A010C8A2441}"
EndProject
Global
	GlobalSection(SolutionConfigurationPlatforms) = preSolution
		Debug|Any CPU = Debug|Any CPU
		Release|Any CPU = Release|Any CPU
	EndGlobalSection
	GlobalSection(ProjectConfigurationPlatforms) = postSolution
		{C0961731-D0E1-4A7B-8F71-2A010C8A2441}.Debug|Any CPU.ActiveCfg = Debug|Any CPU
		{C0961731-D0E1-4A7B-8F71-2A010C8A2441}.Debug|Any CPU.Build.0 = Debug|Any CPU
		{C0961731-D0E1-4A7B-8F71-2A010C8A2441}.Release|Any CPU.ActiveCfg = Release|Any CPU
		{C0961731-D0E1-4A7B-8F71-2A010C8A2441}.Release|Any CPU.Build.0 = Release|Any CPU
	EndGlobalSection
	GlobalSection(SolutionProperties) = preSolution
		HideSolutionNode = FALSE
	EndGlobalSection
EndGlobal
